
Microsoft Visual Studio Solution File, Format Version 12.00
# Visual Studio Version 17
VisualStudioVersion = 17.0.31903.59
MinimumVisualStudioVersion = 10.0.40219.1
Project("{FAE04EC0-301F-11D3-BF4B-00C04F79EFBC}") = "YMM4SystemFontChanger", "src\YMM4SystemFontChanger\YMM4SystemFontChanger.csproj", "{9E1A9E7D-6C2E-4A5F-9B1E-2B8B7B8C7D01}"
EndProject
Global
	GlobalSection(SolutionConfigurationPlatforms) = preSolution
		Debug|Any CPU = Debug|Any CPU
		Release|Any CPU = Release|Any CPU
	EndGlobalSection
	GlobalSection(ProjectConfigurationPlatforms) = postSolution
		{9E1A9E7D-6C2E-4A5F-9B1E-2B8B7B8C7D01}.Debug|Any CPU.ActiveCfg = Debug|Any CPU
		{9E1A9E7D-6C2E-4A5F-9B1E-2B8B7B8C7D01}.Debug|Any CPU.Build.0 = Debug|Any CPU
		{9E1A9E7D-6C2E-4A5F-9B1E-2B8B7B8C7D01}.Release|Any CPU.ActiveCfg = Release|Any CPU
		{9E1A9E7D-6C2E-4A5F-9B1E-2B8B7B8C7D01}.Release|Any CPU.Build.0 = Release|Any CPU
	EndGlobalSection
	GlobalSection(SolutionProperties) = preSolution
		HideSolutionNode = FALSE
	EndGlobalSection
EndGlobal
